
Microsoft Visual Studio Solution File, Format Version 12.00
# Visual Studio Version 17
VisualStudioVersion = 17.3.32922.545
MinimumVisualStudioVersion = 10.0.40219.1
Project("{FAE04EC0-301F-11D3-BF4B-00C04F79EFBC}") = "SparcChallenge", "SparcChallenge\SparcChallenge.csproj", "{5986C73B-B6A5-470C-8C68-CBC6F1435E23}"
EndProject
Global
	GlobalSection(SolutionConfigurationPlatforms) = preSolution
		Debug|Any CPU = Debug|Any CPU
		Release|Any CPU = Release|Any CPU
	EndGlobalSection
	GlobalSection(ProjectConfigurationPlatforms) = postSolution
		{5986C73B-B6A5-470C-8C68-CBC6F1435E23}.Debug|Any CPU.ActiveCfg = Debug|Any CPU
		{5986C73B-B6A5-470C-8C68-CBC6F1435E23}.Debug|Any CPU.Build.0 = Debug|Any CPU
		{5986C73B-B6A5-470C-8C68-CBC6F1435E23}.Release|Any CPU.ActiveCfg = Release|Any CPU
		{5986C73B-B6A5-470C-8C68-CBC6F1435E23}.Release|Any CPU.Build.0 = Release|Any CPU
	EndGlobalSection
	GlobalSection(SolutionProperties) = preSolution
		HideSolutionNode = FALSE
	EndGlobalSection
	GlobalSection(ExtensibilityGlobals) = postSolution
		SolutionGuid = {B8307C6D-5FEA-4465-A407-4177CCCFA149}
	EndGlobalSection
EndGlobal
